<Solution>
  <Project Path="DWH/DWH.sqlproj">
    <Build />
    <Deploy />
  </Project>
  <Project Path="ETL/ETL.sqlproj">
    <Build />
    <Deploy />
  </Project>
  <Project Path="ODS/ODS.sqlproj">
    <Build />
    <Deploy />
  </Project>
  <Project Path="Staging/Staging.sqlproj">
    <Build />
    <Deploy />
  </Project>
</Solution>
